
Microsoft Visual Studio Solution File, Format Version 12.00
# Visual Studio Version 16
VisualStudioVersion = 16.0.30517.126
MinimumVisualStudioVersion = 10.0.40219.1
Project("{FAE04EC0-301F-11D3-BF4B-00C04F79EFBC}") = "QuickShop", "QuickShop\QuickShop.csproj", "{A2A9D6A2-C8BE-425E-AAE5-E5B57A4179A0}"
EndProject
Global
	GlobalSection(SolutionConfigurationPlatforms) = preSolution
		Debug|Any CPU = Debug|Any CPU
		Release|Any CPU = Release|Any CPU
	EndGlobalSection
	GlobalSection(ProjectConfigurationPlatforms) = postSolution
		{A2A9D6A2-C8BE-425E-AAE5-E5B57A4179A0}.Debug|Any CPU.ActiveCfg = Debug|Any CPU
		{A2A9D6A2-C8BE-425E-AAE5-E5B57A4179A0}.Debug|Any CPU.Build.0 = Debug|Any CPU
		{A2A9D6A2-C8BE-425E-AAE5-E5B57A4179A0}.Release|Any CPU.ActiveCfg = Release|Any CPU
		{A2A9D6A2-C8BE-425E-AAE5-E5B57A4179A0}.Release|Any CPU.Build.0 = Release|Any CPU
	EndGlobalSection
	GlobalSection(SolutionProperties) = preSolution
		HideSolutionNode = FALSE
	EndGlobalSection
	GlobalSection(ExtensibilityGlobals) = postSolution
		SolutionGuid = {C45F56F2-9A79-4871-8EB5-9BB958C34BD3}
	EndGlobalSection
EndGlobal
